
Microsoft Visual Studio Solution File, Format Version 12.00
# Visual Studio 15
VisualStudioVersion = 15.0.26228.4
MinimumVisualStudioVersion = 10.0.40219.1
Project("{FAE04EC0-301F-11D3-BF4B-00C04F79EFBC}") = "Fsd.Cs.Weekend3.Console", "Fsd.Cs.Weekend3.Console\Fsd.Cs.Weekend3.Console.csproj", "{6151366D-627F-4D93-90C2-4CB2DDC87CD9}"
EndProject
Project("{FAE04EC0-301F-11D3-BF4B-00C04F79EFBC}") = "Fsd.Cs.Web", "Fsd.Cs.Web\Fsd.Cs.Web.csproj", "{E639B0F3-DA7C-4F43-A2C5-8FA865AA0152}"
EndProject
Project("{FAE04EC0-301F-11D3-BF4B-00C04F79EFBC}") = "Fsd.Cs.Services", "Fsd.Cs.Services\Fsd.Cs.Services.csproj", "{9346AA39-E0BC-4A25-8F3F-4A1778CB0245}"
EndProject
Global
	GlobalSection(SolutionConfigurationPlatforms) = preSolution
		Debug|Any CPU = Debug|Any CPU
		Release|Any CPU = Release|Any CPU
	EndGlobalSection
	GlobalSection(ProjectConfigurationPlatforms) = postSolution
		{6151366D-627F-4D93-90C2-4CB2DDC87CD9}.Debug|Any CPU.ActiveCfg = Debug|Any CPU
		{6151366D-627F-4D93-90C2-4CB2DDC87CD9}.Debug|Any CPU.Build.0 = Debug|Any CPU
		{6151366D-627F-4D93-90C2-4CB2DDC87CD9}.Release|Any CPU.ActiveCfg = Release|Any CPU
		{6151366D-627F-4D93-90C2-4CB2DDC87CD9}.Release|Any CPU.Build.0 = Release|Any CPU
		{E639B0F3-DA7C-4F43-A2C5-8FA865AA0152}.Debug|Any CPU.ActiveCfg = Debug|Any CPU
		{E639B0F3-DA7C-4F43-A2C5-8FA865AA0152}.Debug|Any CPU.Build.0 = Debug|Any CPU
		{E639B0F3-DA7C-4F43-A2C5-8FA865AA0152}.Release|Any CPU.ActiveCfg = Release|Any CPU
		{E639B0F3-DA7C-4F43-A2C5-8FA865AA0152}.Release|Any CPU.Build.0 = Release|Any CPU
		{9346AA39-E0BC-4A25-8F3F-4A1778CB0245}.Debug|Any CPU.ActiveCfg = Debug|Any CPU
		{9346AA39-E0BC-4A25-8F3F-4A1778CB0245}.Debug|Any CPU.Build.0 = Debug|Any CPU
		{9346AA39-E0BC-4A25-8F3F-4A1778CB0245}.Release|Any CPU.ActiveCfg = Release|Any CPU
		{9346AA39-E0BC-4A25-8F3F-4A1778CB0245}.Release|Any CPU.Build.0 = Release|Any CPU
	EndGlobalSection
	GlobalSection(SolutionProperties) = preSolution
		HideSolutionNode = FALSE
	EndGlobalSection
EndGlobal
